{
  "name": "backlog-miniprogram",
  "lockfileVersion": 3,
  "requires": true,
  "packages": {
    "": {
      "dependencies": {
        "tdesign-miniprogram": "^1.4.5"
      }
    },
    "node_modules/dayjs": {
      "version": "1.11.12",
      "resolved": "https://r.cnpmjs.org/dayjs/-/dayjs-1.11.12.tgz",
      "integrity": "sha512-Rt2g+nTbLlDWZTwwrIXjy9MeiZmSDI375FvZs72ngxx8PDC6YXOeR3q5LAuPzjZQxhiWdRKac7RKV+YyQYfYIg=="
    },
    "node_modules/tdesign-miniprogram": {
      "version": "1.4.5",
      "resolved": "https://r.cnpmjs.org/tdesign-miniprogram/-/tdesign-miniprogram-1.4.5.tgz",
      "integrity": "sha512-+QK6cR0lf6a54oUL5qBqzzOHJwj+aCDEVlXxGqSgfzPLQkqpIyW/hiTATily6m69/K+8yFvFmweVyXbImrR02A==",
      "dependencies": {
        "dayjs": "^1.10.7"
      }
    }
  }
}
